PODS:
  - NumberSpellOutFormatter (1.1.0):
    - NumberSpellOutFormatter/precompiled (= 1.1.0)
  - NumberSpellOutFormatter/precompiled (1.1.0)
  - NumberSpellOutFormatter/Tests (1.1.0)

DEPENDENCIES:
  - NumberSpellOutFormatter (from `../`)
  - NumberSpellOutFormatter/Tests (from `../`)

EXTERNAL SOURCES:
  NumberSpellOutFormatter:
    :path: "../"

SPEC CHECKSUMS:
  NumberSpellOutFormatter: cf1f79da4e905185a2ab3ba0309f4d6ea50489cc

PODFILE CHECKSUM: 6fa02ad5bc21c4ced1791a729b5f3cc64a34e0a3

COCOAPODS: 1.11.3
