PODS:
  - NumberSpellOutFormatter (1.0.0):
    - NumberSpellOutFormatter/precompiled (= 1.0.0)
  - NumberSpellOutFormatter/precompiled (1.0.0)
  - NumberSpellOutFormatter/Tests (1.0.0)

DEPENDENCIES:
  - NumberSpellOutFormatter (from `../`)
  - NumberSpellOutFormatter/Tests (from `../`)

EXTERNAL SOURCES:
  NumberSpellOutFormatter:
    :path: "../"

SPEC CHECKSUMS:
  NumberSpellOutFormatter: 9cca067cb39240db2f683043dda92c77684e879b

PODFILE CHECKSUM: 6fa02ad5bc21c4ced1791a729b5f3cc64a34e0a3

COCOAPODS: 1.11.3
