PODS:
  - NumberSpellOutFormatter (0.2):
    - NumberSpellOutFormatter/precompiled (= 0.2)
  - NumberSpellOutFormatter/precompiled (0.2)

DEPENDENCIES:
  - NumberSpellOutFormatter (from `../`)

EXTERNAL SOURCES:
  NumberSpellOutFormatter:
    :path: ../

SPEC CHECKSUMS:
  NumberSpellOutFormatter: c681bc3b9abb7bd85e0f892dd8f260d8960009f8

PODFILE CHECKSUM: 89d6fbf8379b52028eefe04b6e5599ace49589dd

COCOAPODS: 1.3.1
